
Microsoft Visual Studio Solution File, Format Version 12.00
# Visual Studio 15
VisualStudioVersion = 15.0.27703.2018
MinimumVisualStudioVersion = 10.0.40219.1
Project("{888888A0-9F3D-457C-B088-3A5042F75D52}") = "pnvdb", "pnvdb.pyproj", "{2F8CEA75-6805-4BA9-92E5-9E3B5F261A6F}"
EndProject
Global
	GlobalSection(SolutionConfigurationPlatforms) = preSolution
		Debug|Any CPU = Debug|Any CPU
		Release|Any CPU = Release|Any CPU
	EndGlobalSection
	GlobalSection(ProjectConfigurationPlatforms) = postSolution
		{2F8CEA75-6805-4BA9-92E5-9E3B5F261A6F}.Debug|Any CPU.ActiveCfg = Debug|Any CPU
		{2F8CEA75-6805-4BA9-92E5-9E3B5F261A6F}.Release|Any CPU.ActiveCfg = Release|Any CPU
	EndGlobalSection
	GlobalSection(SolutionProperties) = preSolution
		HideSolutionNode = FALSE
	EndGlobalSection
	GlobalSection(ExtensibilityGlobals) = postSolution
		SolutionGuid = {F3C99493-5D97-485A-B68C-7F13BD37BC96}
	EndGlobalSection
EndGlobal
